
Microsoft Visual Studio Solution File, Format Version 12.00
# Visual Studio 15
VisualStudioVersion = 15.0.28307.271
MinimumVisualStudioVersion = 10.0.40219.1
Project("{FAE04EC0-301F-11D3-BF4B-00C04F79EFBC}") = "RandomMovie", "RandomMovie\RandomMovie.csproj", "{E42E48B6-F26F-4D63-8CA9-1C103D12FBE5}"
EndProject
Global
	GlobalSection(SolutionConfigurationPlatforms) = preSolution
		Debug|Any CPU = Debug|Any CPU
		Debug|x64 = Debug|x64
		Release|Any CPU = Release|Any CPU
		Release|x64 = Release|x64
	EndGlobalSection
	GlobalSection(ProjectConfigurationPlatforms) = postSolution
		{E42E48B6-F26F-4D63-8CA9-1C103D12FBE5}.Debug|Any CPU.ActiveCfg = Debug|Any CPU
		{E42E48B6-F26F-4D63-8CA9-1C103D12FBE5}.Debug|Any CPU.Build.0 = Debug|Any CPU
		{E42E48B6-F26F-4D63-8CA9-1C103D12FBE5}.Debug|x64.ActiveCfg = Debug|x64
		{E42E48B6-F26F-4D63-8CA9-1C103D12FBE5}.Debug|x64.Build.0 = Debug|x64
		{E42E48B6-F26F-4D63-8CA9-1C103D12FBE5}.Release|Any CPU.ActiveCfg = Release|Any CPU
		{E42E48B6-F26F-4D63-8CA9-1C103D12FBE5}.Release|Any CPU.Build.0 = Release|Any CPU
		{E42E48B6-F26F-4D63-8CA9-1C103D12FBE5}.Release|x64.ActiveCfg = Release|x64
		{E42E48B6-F26F-4D63-8CA9-1C103D12FBE5}.Release|x64.Build.0 = Release|x64
	EndGlobalSection
	GlobalSection(SolutionProperties) = preSolution
		HideSolutionNode = FALSE
	EndGlobalSection
	GlobalSection(ExtensibilityGlobals) = postSolution
		SolutionGuid = {F155EA6F-BDC7-4F14-8783-C6A7F05B502A}
	EndGlobalSection
EndGlobal
